
Microsoft Visual Studio Solution File, Format Version 12.00
# Visual Studio Version 16
VisualStudioVersion = 16.0.30104.148
MinimumVisualStudioVersion = 10.0.40219.1
Project("{FAE04EC0-301F-11D3-BF4B-00C04F79EFBC}") = "filling_arrays_with_input", "filling_arrays_with_input\filling_arrays_with_input.csproj", "{95046AA9-A74B-4168-91CB-0CDC3772BBB7}"
EndProject
Global
	GlobalSection(SolutionConfigurationPlatforms) = preSolution
		Debug|Any CPU = Debug|Any CPU
		Release|Any CPU = Release|Any CPU
	EndGlobalSection
	GlobalSection(ProjectConfigurationPlatforms) = postSolution
		{95046AA9-A74B-4168-91CB-0CDC3772BBB7}.Debug|Any CPU.ActiveCfg = Debug|Any CPU
		{95046AA9-A74B-4168-91CB-0CDC3772BBB7}.Debug|Any CPU.Build.0 = Debug|Any CPU
		{95046AA9-A74B-4168-91CB-0CDC3772BBB7}.Release|Any CPU.ActiveCfg = Release|Any CPU
		{95046AA9-A74B-4168-91CB-0CDC3772BBB7}.Release|Any CPU.Build.0 = Release|Any CPU
	EndGlobalSection
	GlobalSection(SolutionProperties) = preSolution
		HideSolutionNode = FALSE
	EndGlobalSection
	GlobalSection(ExtensibilityGlobals) = postSolution
		SolutionGuid = {6970E12A-A24F-46A0-9066-1D93FE9E0100}
	EndGlobalSection
EndGlobal
