
Microsoft Visual Studio Solution File, Format Version 12.00
# Visual Studio Version 16
VisualStudioVersion = 16.0.30104.148
MinimumVisualStudioVersion = 10.0.40219.1
Project("{FAE04EC0-301F-11D3-BF4B-00C04F79EFBC}") = "ternary_operator", "ternary_operator\ternary_operator.csproj", "{BE11AA80-2158-42DD-8747-61CB4632FBCB}"
EndProject
Global
	GlobalSection(SolutionConfigurationPlatforms) = preSolution
		Debug|Any CPU = Debug|Any CPU
		Release|Any CPU = Release|Any CPU
	EndGlobalSection
	GlobalSection(ProjectConfigurationPlatforms) = postSolution
		{BE11AA80-2158-42DD-8747-61CB4632FBCB}.Debug|Any CPU.ActiveCfg = Debug|Any CPU
		{BE11AA80-2158-42DD-8747-61CB4632FBCB}.Debug|Any CPU.Build.0 = Debug|Any CPU
		{BE11AA80-2158-42DD-8747-61CB4632FBCB}.Release|Any CPU.ActiveCfg = Release|Any CPU
		{BE11AA80-2158-42DD-8747-61CB4632FBCB}.Release|Any CPU.Build.0 = Release|Any CPU
	EndGlobalSection
	GlobalSection(SolutionProperties) = preSolution
		HideSolutionNode = FALSE
	EndGlobalSection
	GlobalSection(ExtensibilityGlobals) = postSolution
		SolutionGuid = {F7512CB8-5753-4D7A-89BA-3D0C73D48C93}
	EndGlobalSection
EndGlobal
