
Microsoft Visual Studio Solution File, Format Version 12.00
# Visual Studio Version 16
VisualStudioVersion = 16.0.30104.148
MinimumVisualStudioVersion = 10.0.40219.1
Project("{FAE04EC0-301F-11D3-BF4B-00C04F79EFBC}") = "sumof3_multof3", "sumof3_multof3\sumof3_multof3.csproj", "{57BD1834-7774-4317-99DA-E7FB5019EED7}"
EndProject
Global
	GlobalSection(SolutionConfigurationPlatforms) = preSolution
		Debug|Any CPU = Debug|Any CPU
		Release|Any CPU = Release|Any CPU
	EndGlobalSection
	GlobalSection(ProjectConfigurationPlatforms) = postSolution
		{57BD1834-7774-4317-99DA-E7FB5019EED7}.Debug|Any CPU.ActiveCfg = Debug|Any CPU
		{57BD1834-7774-4317-99DA-E7FB5019EED7}.Debug|Any CPU.Build.0 = Debug|Any CPU
		{57BD1834-7774-4317-99DA-E7FB5019EED7}.Release|Any CPU.ActiveCfg = Release|Any CPU
		{57BD1834-7774-4317-99DA-E7FB5019EED7}.Release|Any CPU.Build.0 = Release|Any CPU
	EndGlobalSection
	GlobalSection(SolutionProperties) = preSolution
		HideSolutionNode = FALSE
	EndGlobalSection
	GlobalSection(ExtensibilityGlobals) = postSolution
		SolutionGuid = {AD232DD6-D71B-4DD1-B6DF-830002B6C2EA}
	EndGlobalSection
EndGlobal
