
Microsoft Visual Studio Solution File, Format Version 12.00
# Visual Studio Version 16
VisualStudioVersion = 16.0.30104.148
MinimumVisualStudioVersion = 10.0.40219.1
Project("{FAE04EC0-301F-11D3-BF4B-00C04F79EFBC}") = "operators_math", "operators_math\operators_math.csproj", "{913C2D19-7FBD-4293-A058-D596B1E902F0}"
EndProject
Global
	GlobalSection(SolutionConfigurationPlatforms) = preSolution
		Debug|Any CPU = Debug|Any CPU
		Release|Any CPU = Release|Any CPU
	EndGlobalSection
	GlobalSection(ProjectConfigurationPlatforms) = postSolution
		{913C2D19-7FBD-4293-A058-D596B1E902F0}.Debug|Any CPU.ActiveCfg = Debug|Any CPU
		{913C2D19-7FBD-4293-A058-D596B1E902F0}.Debug|Any CPU.Build.0 = Debug|Any CPU
		{913C2D19-7FBD-4293-A058-D596B1E902F0}.Release|Any CPU.ActiveCfg = Release|Any CPU
		{913C2D19-7FBD-4293-A058-D596B1E902F0}.Release|Any CPU.Build.0 = Release|Any CPU
	EndGlobalSection
	GlobalSection(SolutionProperties) = preSolution
		HideSolutionNode = FALSE
	EndGlobalSection
	GlobalSection(ExtensibilityGlobals) = postSolution
		SolutionGuid = {22E39CA6-5450-4F79-B28C-EFBB2F14E6FE}
	EndGlobalSection
EndGlobal
