
Microsoft Visual Studio Solution File, Format Version 12.00
# Visual Studio Version 16
VisualStudioVersion = 16.0.30104.148
MinimumVisualStudioVersion = 10.0.40219.1
Project("{FAE04EC0-301F-11D3-BF4B-00C04F79EFBC}") = "multiple_files", "multiple_files\multiple_files.csproj", "{064AD370-99B7-432C-8D26-8960D83370A6}"
EndProject
Project("{FAE04EC0-301F-11D3-BF4B-00C04F79EFBC}") = "test", "test\test.csproj", "{FEB425EA-0665-4AB4-B705-A9483A9CC35D}"
EndProject
Global
	GlobalSection(SolutionConfigurationPlatforms) = preSolution
		Debug|Any CPU = Debug|Any CPU
		Release|Any CPU = Release|Any CPU
	EndGlobalSection
	GlobalSection(ProjectConfigurationPlatforms) = postSolution
		{064AD370-99B7-432C-8D26-8960D83370A6}.Debug|Any CPU.ActiveCfg = Debug|Any CPU
		{064AD370-99B7-432C-8D26-8960D83370A6}.Debug|Any CPU.Build.0 = Debug|Any CPU
		{064AD370-99B7-432C-8D26-8960D83370A6}.Release|Any CPU.ActiveCfg = Release|Any CPU
		{064AD370-99B7-432C-8D26-8960D83370A6}.Release|Any CPU.Build.0 = Release|Any CPU
		{FEB425EA-0665-4AB4-B705-A9483A9CC35D}.Debug|Any CPU.ActiveCfg = Debug|Any CPU
		{FEB425EA-0665-4AB4-B705-A9483A9CC35D}.Debug|Any CPU.Build.0 = Debug|Any CPU
		{FEB425EA-0665-4AB4-B705-A9483A9CC35D}.Release|Any CPU.ActiveCfg = Release|Any CPU
		{FEB425EA-0665-4AB4-B705-A9483A9CC35D}.Release|Any CPU.Build.0 = Release|Any CPU
	EndGlobalSection
	GlobalSection(SolutionProperties) = preSolution
		HideSolutionNode = FALSE
	EndGlobalSection
	GlobalSection(ExtensibilityGlobals) = postSolution
		SolutionGuid = {21B10F94-B1D8-4502-B073-2345553B7ADD}
	EndGlobalSection
EndGlobal
