
Microsoft Visual Studio Solution File, Format Version 12.00
# Visual Studio Version 16
VisualStudioVersion = 16.0.30104.148
MinimumVisualStudioVersion = 10.0.40219.1
Project("{FAE04EC0-301F-11D3-BF4B-00C04F79EFBC}") = "mid", "mid\mid.csproj", "{6CCFAE65-AA52-47B7-B6E5-A8119B2B327C}"
EndProject
Global
	GlobalSection(SolutionConfigurationPlatforms) = preSolution
		Debug|Any CPU = Debug|Any CPU
		Release|Any CPU = Release|Any CPU
	EndGlobalSection
	GlobalSection(ProjectConfigurationPlatforms) = postSolution
		{6CCFAE65-AA52-47B7-B6E5-A8119B2B327C}.Debug|Any CPU.ActiveCfg = Debug|Any CPU
		{6CCFAE65-AA52-47B7-B6E5-A8119B2B327C}.Debug|Any CPU.Build.0 = Debug|Any CPU
		{6CCFAE65-AA52-47B7-B6E5-A8119B2B327C}.Release|Any CPU.ActiveCfg = Release|Any CPU
		{6CCFAE65-AA52-47B7-B6E5-A8119B2B327C}.Release|Any CPU.Build.0 = Release|Any CPU
	EndGlobalSection
	GlobalSection(SolutionProperties) = preSolution
		HideSolutionNode = FALSE
	EndGlobalSection
	GlobalSection(ExtensibilityGlobals) = postSolution
		SolutionGuid = {AF755E13-7625-46B5-A4E2-B6683D2C1894}
	EndGlobalSection
EndGlobal
